
Microsoft Visual Studio Solution File, Format Version 12.00
# Visual Studio 15
VisualStudioVersion = 15.0.28307.489
MinimumVisualStudioVersion = 10.0.40219.1
Project("{FAE04EC0-301F-11D3-BF4B-00C04F79EFBC}") = "GameServer", "GameServer\GameServer.csproj", "{A51FB234-E0B6-4096-9549-080216DB227C}"
EndProject
Global
	GlobalSection(SolutionConfigurationPlatforms) = preSolution
		Debug|Any CPU = Debug|Any CPU
		Release|Any CPU = Release|Any CPU
	EndGlobalSection
	GlobalSection(ProjectConfigurationPlatforms) = postSolution
		{A51FB234-E0B6-4096-9549-080216DB227C}.Debug|Any CPU.ActiveCfg = Debug|Any CPU
		{A51FB234-E0B6-4096-9549-080216DB227C}.Debug|Any CPU.Build.0 = Debug|Any CPU
		{A51FB234-E0B6-4096-9549-080216DB227C}.Release|Any CPU.ActiveCfg = Release|Any CPU
		{A51FB234-E0B6-4096-9549-080216DB227C}.Release|Any CPU.Build.0 = Release|Any CPU
	EndGlobalSection
	GlobalSection(SolutionProperties) = preSolution
		HideSolutionNode = FALSE
	EndGlobalSection
	GlobalSection(ExtensibilityGlobals) = postSolution
		SolutionGuid = {965D9C8E-2196-4D23-A653-3462371B408E}
	EndGlobalSection
EndGlobal
